<Solution>
  <Configurations>
    <Platform Name="ARM64" />
    <Platform Name="x64" />
    <Platform Name="x86" />
  </Configurations>
  <Project Path="Lab_03_CG.Data/Lab_03_CG.Data.csproj" Id="7ec2aae9-5c5f-4582-b6d5-d6eefa02037c" />
  <Project Path="Lab_03_CG/Lab_03_CG.csproj">
    <Platform Solution="*|ARM64" Project="ARM64" />
    <Platform Solution="*|x64" Project="x64" />
    <Platform Solution="*|x86" Project="x86" />
    <Deploy />
  </Project>
</Solution>
